
Microsoft Visual Studio Solution File, Format Version 12.00
# Visual Studio Version 16
VisualStudioVersion = 16.0.29409.12
MinimumVisualStudioVersion = 10.0.40219.1
Project("{FAE04EC0-301F-11D3-BF4B-00C04F79EFBC}") = "PdD", "PdD.csproj", "{BE73627F-A42A-4A47-B5FA-1A056867CD33}"
EndProject
Global
	GlobalSection(SolutionConfigurationPlatforms) = preSolution
		Debug|Any CPU = Debug|Any CPU
		Release|Any CPU = Release|Any CPU
	EndGlobalSection
	GlobalSection(ProjectConfigurationPlatforms) = postSolution
		{BE73627F-A42A-4A47-B5FA-1A056867CD33}.Debug|Any CPU.ActiveCfg = Debug|Any CPU
		{BE73627F-A42A-4A47-B5FA-1A056867CD33}.Debug|Any CPU.Build.0 = Debug|Any CPU
		{BE73627F-A42A-4A47-B5FA-1A056867CD33}.Release|Any CPU.ActiveCfg = Release|Any CPU
		{BE73627F-A42A-4A47-B5FA-1A056867CD33}.Release|Any CPU.Build.0 = Release|Any CPU
	EndGlobalSection
	GlobalSection(SolutionProperties) = preSolution
		HideSolutionNode = FALSE
	EndGlobalSection
	GlobalSection(ExtensibilityGlobals) = postSolution
		SolutionGuid = {A21E93F2-F310-4927-8BFB-F3FCD8D306A6}
	EndGlobalSection
EndGlobal
